Microsoft Visual Studio Solution File, Format Version 12.00
# Visual Studio 14
VisualStudioVersion = 14.0.23107.0
MinimumVisualStudioVersion = 10.0.40219.1
Project("{E24C65DC-7377-472B-9ABA-BC803B73C61A}") = "FSPOC", ".", "{B105C249-C987-494C-ADD3-BCFDED9F1330}"
	ProjectSection(WebsiteProperties) = preProject
		TargetFrameworkMoniker = ".NETFramework,Version%3Dv4.5.2"
		ProjectReferences = "{b2dcda47-f205-491e-a588-ba598feb69c0}|Logger.dll;{927c1dcc-1fda-4fd0-8247-c051aa22469c}|Entitron.dll;"
		Debug.AspNetCompiler.VirtualPath = "/localhost_50224"
		Debug.AspNetCompiler.PhysicalPath = "..\oss-platform-WebApp\"
		Debug.AspNetCompiler.TargetPath = "PrecompiledWeb\localhost_50224\"
		Debug.AspNetCompiler.Updateable = "true"
		Debug.AspNetCompiler.ForceOverwrite = "true"
		Debug.AspNetCompiler.FixedNames = "false"
		Debug.AspNetCompiler.Debug = "True"
		Release.AspNetCompiler.VirtualPath = "/localhost_50224"
		Release.AspNetCompiler.PhysicalPath = "..\oss-platform-WebApp\"
		Release.AspNetCompiler.TargetPath = "PrecompiledWeb\localhost_50224\"
		Release.AspNetCompiler.Updateable = "true"
		Release.AspNetCompiler.ForceOverwrite = "true"
		Release.AspNetCompiler.FixedNames = "false"
		Release.AspNetCompiler.Debug = "False"
		VWDPort = "50224"
		SlnRelativePath = "..\oss-platform-WebApp\"
		DefaultWebSiteLanguage = "Visual C#"
	EndProjectSection
EndProject
Project("{FAE04EC0-301F-11D3-BF4B-00C04F79EFBC}") = "ND.Logger", "..\ND.Logger\ND.Logger.csproj", "{B2DCDA47-F205-491E-A588-BA598FEB69C0}"
EndProject
Project("{FAE04EC0-301F-11D3-BF4B-00C04F79EFBC}") = "Entitron", "..\Entitron\Entitron\Entitron.csproj", "{927C1DCC-1FDA-4FD0-8247-C051AA22469C}"
EndProject
Global
	GlobalSection(SolutionConfigurationPlatforms) = preSolution
		Debug|Any CPU = Debug|Any CPU
		Release|Any CPU = Release|Any CPU
	EndGlobalSection
	GlobalSection(ProjectConfigurationPlatforms) = postSolution
		{B105C249-C987-494C-ADD3-BCFDED9F1330}.Debug|Any CPU.ActiveCfg = Debug|Any CPU
		{B105C249-C987-494C-ADD3-BCFDED9F1330}.Debug|Any CPU.Build.0 = Debug|Any CPU
		{B105C249-C987-494C-ADD3-BCFDED9F1330}.Release|Any CPU.ActiveCfg = Debug|Any CPU
		{B105C249-C987-494C-ADD3-BCFDED9F1330}.Release|Any CPU.Build.0 = Debug|Any CPU
		{B2DCDA47-F205-491E-A588-BA598FEB69C0}.Debug|Any CPU.ActiveCfg = Debug|Any CPU
		{B2DCDA47-F205-491E-A588-BA598FEB69C0}.Debug|Any CPU.Build.0 = Debug|Any CPU
		{B2DCDA47-F205-491E-A588-BA598FEB69C0}.Release|Any CPU.ActiveCfg = Release|Any CPU
		{B2DCDA47-F205-491E-A588-BA598FEB69C0}.Release|Any CPU.Build.0 = Release|Any CPU
		{927C1DCC-1FDA-4FD0-8247-C051AA22469C}.Debug|Any CPU.ActiveCfg = Debug|Any CPU
		{927C1DCC-1FDA-4FD0-8247-C051AA22469C}.Debug|Any CPU.Build.0 = Debug|Any CPU
		{927C1DCC-1FDA-4FD0-8247-C051AA22469C}.Release|Any CPU.ActiveCfg = Release|Any CPU
		{927C1DCC-1FDA-4FD0-8247-C051AA22469C}.Release|Any CPU.Build.0 = Release|Any CPU
	EndGlobalSection
	GlobalSection(SolutionProperties) = preSolution
		HideSolutionNode = FALSE
	EndGlobalSection
EndGlobal
