Microsoft Visual Studio Solution File, Format Version 12.00
# Visual Studio 14
VisualStudioVersion = 14.0.23107.0
MinimumVisualStudioVersion = 10.0.40219.1
Project("{E24C65DC-7377-472B-9ABA-BC803B73C61A}") = "FSPOC", ".", "{B105C249-C987-494C-ADD3-BCFDED9F1330}"
	ProjectSection(WebsiteProperties) = preProject
		TargetFrameworkMoniker = ".NETFramework,Version%3Dv4.5.2"
		ProjectReferences = "{b2dcda47-f205-491e-a588-ba598feb69c0}|Logger.dll;{927c1dcc-1fda-4fd0-8247-c051aa22469c}|Entitron.dll;"
		Debug.AspNetCompiler.VirtualPath = "/localhost_50224"
		Debug.AspNetCompiler.PhysicalPath = "..\oss-platform-WebApp\"
		Debug.AspNetCompiler.TargetPath = "PrecompiledWeb\localhost_50224\"
		Debug.AspNetCompiler.Updateable = "true"
		Debug.AspNetCompiler.ForceOverwrite = "true"
		Debug.AspNetCompiler.FixedNames = "false"
		Debug.AspNetCompiler.Debug = "True"
		Release.AspNetCompiler.VirtualPath = "/localhost_50224"
		Release.AspNetCompiler.PhysicalPath = "..\oss-platform-WebApp\"
		Release.AspNetCompiler.TargetPath = "PrecompiledWeb\localhost_50224\"
		Release.AspNetCompiler.Updateable = "true"
		Release.AspNetCompiler.ForceOverwrite = "true"
		Release.AspNetCompiler.FixedNames = "false"
		Release.AspNetCompiler.Debug = "False"
		VWDPort = "50224"
		SlnRelativePath = "..\oss-platform-WebApp\"
		DefaultWebSiteLanguage = "Visual C#"
	EndProjectSection
EndProject
Project("{FAE04EC0-301F-11D3-BF4B-00C04F79EFBC}") = "ND.Logger", "..\ND.Logger\ND.Logger.csproj", "{B2DCDA47-F205-491E-A588-BA598FEB69C0}"
EndProject
Project("{FAE04EC0-301F-11D3-BF4B-00C04F79EFBC}") = "Entitron", "..\Entitron\Entitron\Entitron.csproj", "{927C1DCC-1FDA-4FD0-8247-C051AA22469C}"
EndProject
Project("{FAE04EC0-301F-11D3-BF4B-00C04F79EFBC}") = "CORE", "..\CORE\CORE\CORE.csproj", "{9E8BF028-1CF0-4D2A-85E2-90D8C2DE1A05}"
EndProject
Project("{FAE04EC0-301F-11D3-BF4B-00C04F79EFBC}") = "Mozaic", "..\Mozaic\Mozaic\Mozaic.csproj", "{8F903F2F-E3FC-4064-820A-099F6A622388}"
EndProject
Project("{FAE04EC0-301F-11D3-BF4B-00C04F79EFBC}") = "Tapestry", "..\Tapestry\Tapestry\Tapestry.csproj", "{E2E5BC80-12C0-40FF-B41B-AD22A47C8DDA}"
EndProject
Project("{FAE04EC0-301F-11D3-BF4B-00C04F79EFBC}") = "Persona", "..\Persona\Persona\Persona.csproj", "{85F52358-03B7-4E68-9220-444C168E89E9}"
EndProject
Global
	GlobalSection(SolutionConfigurationPlatforms) = preSolution
		Debug|Any CPU = Debug|Any CPU
		Release|Any CPU = Release|Any CPU
	EndGlobalSection
	GlobalSection(ProjectConfigurationPlatforms) = postSolution
		{B105C249-C987-494C-ADD3-BCFDED9F1330}.Debug|Any CPU.ActiveCfg = Debug|Any CPU
		{B105C249-C987-494C-ADD3-BCFDED9F1330}.Debug|Any CPU.Build.0 = Debug|Any CPU
		{B105C249-C987-494C-ADD3-BCFDED9F1330}.Release|Any CPU.ActiveCfg = Debug|Any CPU
		{B105C249-C987-494C-ADD3-BCFDED9F1330}.Release|Any CPU.Build.0 = Debug|Any CPU
		{B2DCDA47-F205-491E-A588-BA598FEB69C0}.Debug|Any CPU.ActiveCfg = Debug|Any CPU
		{B2DCDA47-F205-491E-A588-BA598FEB69C0}.Debug|Any CPU.Build.0 = Debug|Any CPU
		{B2DCDA47-F205-491E-A588-BA598FEB69C0}.Release|Any CPU.ActiveCfg = Release|Any CPU
		{B2DCDA47-F205-491E-A588-BA598FEB69C0}.Release|Any CPU.Build.0 = Release|Any CPU
		{927C1DCC-1FDA-4FD0-8247-C051AA22469C}.Debug|Any CPU.ActiveCfg = Debug|Any CPU
		{927C1DCC-1FDA-4FD0-8247-C051AA22469C}.Debug|Any CPU.Build.0 = Debug|Any CPU
		{927C1DCC-1FDA-4FD0-8247-C051AA22469C}.Release|Any CPU.ActiveCfg = Release|Any CPU
		{927C1DCC-1FDA-4FD0-8247-C051AA22469C}.Release|Any CPU.Build.0 = Release|Any CPU
		{9E8BF028-1CF0-4D2A-85E2-90D8C2DE1A05}.Debug|Any CPU.ActiveCfg = Debug|Any CPU
		{9E8BF028-1CF0-4D2A-85E2-90D8C2DE1A05}.Debug|Any CPU.Build.0 = Debug|Any CPU
		{9E8BF028-1CF0-4D2A-85E2-90D8C2DE1A05}.Release|Any CPU.ActiveCfg = Release|Any CPU
		{9E8BF028-1CF0-4D2A-85E2-90D8C2DE1A05}.Release|Any CPU.Build.0 = Release|Any CPU
		{8F903F2F-E3FC-4064-820A-099F6A622388}.Debug|Any CPU.ActiveCfg = Debug|Any CPU
		{8F903F2F-E3FC-4064-820A-099F6A622388}.Debug|Any CPU.Build.0 = Debug|Any CPU
		{8F903F2F-E3FC-4064-820A-099F6A622388}.Release|Any CPU.ActiveCfg = Release|Any CPU
		{8F903F2F-E3FC-4064-820A-099F6A622388}.Release|Any CPU.Build.0 = Release|Any CPU
		{E2E5BC80-12C0-40FF-B41B-AD22A47C8DDA}.Debug|Any CPU.ActiveCfg = Debug|Any CPU
		{E2E5BC80-12C0-40FF-B41B-AD22A47C8DDA}.Debug|Any CPU.Build.0 = Debug|Any CPU
		{E2E5BC80-12C0-40FF-B41B-AD22A47C8DDA}.Release|Any CPU.ActiveCfg = Release|Any CPU
		{E2E5BC80-12C0-40FF-B41B-AD22A47C8DDA}.Release|Any CPU.Build.0 = Release|Any CPU
		{85F52358-03B7-4E68-9220-444C168E89E9}.Debug|Any CPU.ActiveCfg = Debug|Any CPU
		{85F52358-03B7-4E68-9220-444C168E89E9}.Debug|Any CPU.Build.0 = Debug|Any CPU
		{85F52358-03B7-4E68-9220-444C168E89E9}.Release|Any CPU.ActiveCfg = Release|Any CPU
		{85F52358-03B7-4E68-9220-444C168E89E9}.Release|Any CPU.Build.0 = Release|Any CPU
	EndGlobalSection
	GlobalSection(SolutionProperties) = preSolution
		HideSolutionNode = FALSE
	EndGlobalSection
EndGlobal
